
Microsoft Visual Studio Solution File, Format Version 12.00
# Visual Studio Version 17
VisualStudioVersion = 17.6.33723.286
MinimumVisualStudioVersion = 10.0.40219.1
Project("{FAE04EC0-301F-11D3-BF4B-00C04F79EFBC}") = "Linq-Lambada-Generics", "Linq-Lambada-Generics.csproj", "{A4E02BC0-9C4A-4DC1-8936-57D2ED0C4620}"
EndProject
Global
	GlobalSection(SolutionConfigurationPlatforms) = preSolution
		Debug|Any CPU = Debug|Any CPU
		Release|Any CPU = Release|Any CPU
	EndGlobalSection
	GlobalSection(ProjectConfigurationPlatforms) = postSolution
		{A4E02BC0-9C4A-4DC1-8936-57D2ED0C4620}.Debug|Any CPU.ActiveCfg = Debug|Any CPU
		{A4E02BC0-9C4A-4DC1-8936-57D2ED0C4620}.Debug|Any CPU.Build.0 = Debug|Any CPU
		{A4E02BC0-9C4A-4DC1-8936-57D2ED0C4620}.Release|Any CPU.ActiveCfg = Release|Any CPU
		{A4E02BC0-9C4A-4DC1-8936-57D2ED0C4620}.Release|Any CPU.Build.0 = Release|Any CPU
	EndGlobalSection
	GlobalSection(SolutionProperties) = preSolution
		HideSolutionNode = FALSE
	EndGlobalSection
	GlobalSection(ExtensibilityGlobals) = postSolution
		SolutionGuid = {376E7340-B108-4AAB-A866-67D3988D1B1E}
	EndGlobalSection
EndGlobal
